
Microsoft Visual Studio Solution File, Format Version 11.00
# Visual Studio 2010
Project("{8BC9CEB8-8B4A-11D0-8D11-00A0C91BC942}") = "UnitTest", "UnitTest\UnitTest.vcxproj", "{6C041AA8-9148-41DD-B53E-DDFE44D7B7DD}"
	ProjectSection(ProjectDependencies) = postProject
		{E148BD09-E885-4E04-B86B-D45E25BB1419} = {E148BD09-E885-4E04-B86B-D45E25BB1419}
	EndProjectSection
EndProject
Project("{8BC9CEB8-8B4A-11D0-8D11-00A0C91BC942}") = "googletest", "..\googletest\googletest.vcxproj", "{E148BD09-E885-4E04-B86B-D45E25BB1419}"
EndProject
Global
	GlobalSection(SolutionConfigurationPlatforms) = preSolution
		Debug|Win32 = Debug|Win32
		Release|Win32 = Release|Win32
	EndGlobalSection
	GlobalSection(ProjectConfigurationPlatforms) = postSolution
		{6C041AA8-9148-41DD-B53E-DDFE44D7B7DD}.Debug|Win32.ActiveCfg = Debug|Win32
		{6C041AA8-9148-41DD-B53E-DDFE44D7B7DD}.Debug|Win32.Build.0 = Debug|Win32
		{6C041AA8-9148-41DD-B53E-DDFE44D7B7DD}.Release|Win32.ActiveCfg = Release|Win32
		{6C041AA8-9148-41DD-B53E-DDFE44D7B7DD}.Release|Win32.Build.0 = Release|Win32
		{E148BD09-E885-4E04-B86B-D45E25BB1419}.Debug|Win32.ActiveCfg = Debug|Win32
		{E148BD09-E885-4E04-B86B-D45E25BB1419}.Debug|Win32.Build.0 = Debug|Win32
		{E148BD09-E885-4E04-B86B-D45E25BB1419}.Release|Win32.ActiveCfg = Release|Win32
		{E148BD09-E885-4E04-B86B-D45E25BB1419}.Release|Win32.Build.0 = Release|Win32
	EndGlobalSection
	GlobalSection(SolutionProperties) = preSolution
		HideSolutionNode = FALSE
	EndGlobalSection
EndGlobal
