
Microsoft Visual Studio Solution File, Format Version 11.00
# Visual Studio 2010
Project("{8BC9CEB8-8B4A-11D0-8D11-00A0C91BC942}") = "pcreDemo", "pcreDemo\pcreDemo.vcxproj", "{32D5A19F-8AAD-49CC-9EA5-91E79471BBDA}"
EndProject
Project("{8BC9CEB8-8B4A-11D0-8D11-00A0C91BC942}") = "pcre", "pcre\pcre.vcxproj", "{B23062AB-FE4E-4794-AC7D-25CD7F46D537}"
EndProject
Global
	GlobalSection(SolutionConfigurationPlatforms) = preSolution
		Debug|Win32 = Debug|Win32
		Release|Win32 = Release|Win32
	EndGlobalSection
	GlobalSection(ProjectConfigurationPlatforms) = postSolution
		{32D5A19F-8AAD-49CC-9EA5-91E79471BBDA}.Debug|Win32.ActiveCfg = Debug|Win32
		{32D5A19F-8AAD-49CC-9EA5-91E79471BBDA}.Debug|Win32.Build.0 = Debug|Win32
		{32D5A19F-8AAD-49CC-9EA5-91E79471BBDA}.Release|Win32.ActiveCfg = Release|Win32
		{32D5A19F-8AAD-49CC-9EA5-91E79471BBDA}.Release|Win32.Build.0 = Release|Win32
		{B23062AB-FE4E-4794-AC7D-25CD7F46D537}.Debug|Win32.ActiveCfg = Debug|Win32
		{B23062AB-FE4E-4794-AC7D-25CD7F46D537}.Debug|Win32.Build.0 = Debug|Win32
		{B23062AB-FE4E-4794-AC7D-25CD7F46D537}.Release|Win32.ActiveCfg = Release|Win32
		{B23062AB-FE4E-4794-AC7D-25CD7F46D537}.Release|Win32.Build.0 = Release|Win32
	EndGlobalSection
	GlobalSection(SolutionProperties) = preSolution
		HideSolutionNode = FALSE
	EndGlobalSection
EndGlobal
